
Microsoft Visual Studio Solution File, Format Version 12.00
# Visual Studio Version 17
VisualStudioVersion = 17.3.32819.101
MinimumVisualStudioVersion = 10.0.40219.1
Project("{FAE04EC0-301F-11D3-BF4B-00C04F79EFBC}") = "cacolatrice2", "cacolatrice2\cacolatrice2.csproj", "{654E33BF-E2CE-484B-9927-9242F932D27C}"
EndProject
Global
	GlobalSection(SolutionConfigurationPlatforms) = preSolution
		Debug|Any CPU = Debug|Any CPU
		Release|Any CPU = Release|Any CPU
	EndGlobalSection
	GlobalSection(ProjectConfigurationPlatforms) = postSolution
		{654E33BF-E2CE-484B-9927-9242F932D27C}.Debug|Any CPU.ActiveCfg = Debug|Any CPU
		{654E33BF-E2CE-484B-9927-9242F932D27C}.Debug|Any CPU.Build.0 = Debug|Any CPU
		{654E33BF-E2CE-484B-9927-9242F932D27C}.Release|Any CPU.ActiveCfg = Release|Any CPU
		{654E33BF-E2CE-484B-9927-9242F932D27C}.Release|Any CPU.Build.0 = Release|Any CPU
	EndGlobalSection
	GlobalSection(SolutionProperties) = preSolution
		HideSolutionNode = FALSE
	EndGlobalSection
	GlobalSection(ExtensibilityGlobals) = postSolution
		SolutionGuid = {5F2678F2-A768-4C38-B198-988521E2A283}
	EndGlobalSection
EndGlobal
