
Microsoft Visual Studio Solution File, Format Version 12.00
# Visual Studio Version 17
VisualStudioVersion = 17.3.32819.101
MinimumVisualStudioVersion = 10.0.40219.1
Project("{FAE04EC0-301F-11D3-BF4B-00C04F79EFBC}") = "Persona", "Persona\Persona.csproj", "{2408A2BC-62A6-4CEA-A2B5-0F75392C0723}"
EndProject
Project("{FAE04EC0-301F-11D3-BF4B-00C04F79EFBC}") = "Persona_testing", "Persona_testing\Persona_testing.csproj", "{24677AF8-2501-4EBB-98E0-FDF20BA4DBEE}"
EndProject
Global
	GlobalSection(SolutionConfigurationPlatforms) = preSolution
		Debug|Any CPU = Debug|Any CPU
		Release|Any CPU = Release|Any CPU
	EndGlobalSection
	GlobalSection(ProjectConfigurationPlatforms) = postSolution
		{2408A2BC-62A6-4CEA-A2B5-0F75392C0723}.Debug|Any CPU.ActiveCfg = Debug|Any CPU
		{2408A2BC-62A6-4CEA-A2B5-0F75392C0723}.Debug|Any CPU.Build.0 = Debug|Any CPU
		{2408A2BC-62A6-4CEA-A2B5-0F75392C0723}.Release|Any CPU.ActiveCfg = Release|Any CPU
		{2408A2BC-62A6-4CEA-A2B5-0F75392C0723}.Release|Any CPU.Build.0 = Release|Any CPU
		{24677AF8-2501-4EBB-98E0-FDF20BA4DBEE}.Debug|Any CPU.ActiveCfg = Debug|Any CPU
		{24677AF8-2501-4EBB-98E0-FDF20BA4DBEE}.Debug|Any CPU.Build.0 = Debug|Any CPU
		{24677AF8-2501-4EBB-98E0-FDF20BA4DBEE}.Release|Any CPU.ActiveCfg = Release|Any CPU
		{24677AF8-2501-4EBB-98E0-FDF20BA4DBEE}.Release|Any CPU.Build.0 = Release|Any CPU
	EndGlobalSection
	GlobalSection(SolutionProperties) = preSolution
		HideSolutionNode = FALSE
	EndGlobalSection
	GlobalSection(ExtensibilityGlobals) = postSolution
		SolutionGuid = {BCCD11F4-0925-41ED-A286-DC60D7801B54}
	EndGlobalSection
EndGlobal
